uuid: c5a767c4-29cb-4db3-9207-2f7473fb6eac
langcode: en
status: true
dependencies: {  }
id: reference_block
label: 'Reference - Block'
icon_uuid: null
description: 'Use this component to reference a block generated by Drupal core or a contrib module. Custom blocks can not be referenced using this component.'
behavior_plugins: {  }
